// !$*UTF8*$!
{
	archiveVersion = 1;
	classes = {
	};
	objectVersion = 46;
	objects = {

/* Begin PBXAppleScriptBuildPhase section */
		D899E02E1285206F00F55CA4 /* AppleScript */ = {
			isa = PBXAppleScriptBuildPhase;
			buildActionMask = 2147483647;
			files = (
			);
			isSharedContext = 0;
			runOnlyForDeploymentPostprocessing = 0;
		};
/* End PBXAppleScriptBuildPhase section */

/* Begin PBXBuildFile section */
		D899E0381285206F00F55CA4 /* Automator.framework in Frameworks */ = {isa = PBXBuildFile; fileRef = D899E0371285206F00F55CA4 /* Automator.framework */; };
		D899E03A1285206F00F55CA4 /* Cocoa.framework in Frameworks */ = {isa = PBXBuildFile; fileRef = D899E0391285206F00F55CA4 /* Cocoa.framework */; };
		D899E03F1285206F00F55CA4 /* InfoPlist.strings in Resources */ = {isa = PBXBuildFile; fileRef = D899E03D1285206F00F55CA4 /* InfoPlist.strings */; };
		D899E0421285206F00F55CA4 /* main.xib in Resources */ = {isa = PBXBuildFile; fileRef = D899E0401285206F00F55CA4 /* main.xib */; };
		D899E0441285206F00F55CA4 /* Nib_Decompiler.h in Resources */ = {isa = PBXBuildFile; fileRef = D899E0431285206F00F55CA4 /* Nib_Decompiler.h */; };
		D899E0461285206F00F55CA4 /* Nib_Decompiler.m in Sources */ = {isa = PBXBuildFile; fileRef = D899E0451285206F00F55CA4 /* Nib_Decompiler.m */; };
/* End PBXBuildFile section */

/* Begin PBXFileReference section */
		D899E0351285206F00F55CA4 /* Nib Decompiler.bundle */ = {isa = PBXFileReference; explicitFileType = wrapper.cfbundle; includeInIndex = 0; name = "Nib Decompiler.bundle"; path = "Volumes/DataHD/Build/Nib Decompiler/build/Debug/Nib Decompiler.bundle"; sourceTree = SDKROOT; };
		D899E0371285206F00F55CA4 /* Automator.framework */ = {isa = PBXFileReference; lastKnownFileType = wrapper.framework; name = Automator.framework; path = System/Library/Frameworks/Automator.framework; sourceTree = SDKROOT; };
		D899E0391285206F00F55CA4 /* Cocoa.framework */ = {isa = PBXFileReference; lastKnownFileType = wrapper.framework; name = Cocoa.framework; path = System/Library/Frameworks/Cocoa.framework; sourceTree = SDKROOT; };
		D899E03B1285206F00F55CA4 /* Nib_Decompiler-Info.plist */ = {isa = PBXFileReference; path = "Nib_Decompiler-Info.plist"; sourceTree = "<group>"; };
		D899E03C1285206F00F55CA4 /* Nib_Decompiler_Prefix.pch */ = {isa = PBXFileReference; path = Nib_Decompiler_Prefix.pch; sourceTree = "<group>"; };
		D899E03E1285206F00F55CA4 /* en */ = {isa = PBXFileReference; lastKnownFileType = text.plist.strings; name = en; path = en.lproj/InfoPlist.strings; sourceTree = "<group>"; };
		D899E0411285206F00F55CA4 /* en */ = {isa = PBXFileReference; lastKnownFileType = file.xib; name = en; path = en.lproj/main.xib; sourceTree = "<group>"; };
		D899E0431285206F00F55CA4 /* Nib_Decompiler.h */ = {isa = PBXFileReference; lastKnownFileType = sourcecode.c.h; path = Nib_Decompiler.h; sourceTree = "<group>"; };
		D899E0451285206F00F55CA4 /* Nib_Decompiler.m */ = {isa = PBXFileReference; lastKnownFileType = sourcecode.c.objc; path = Nib_Decompiler.m; sourceTree = "<group>"; };
/* End PBXFileReference section */

/* Begin PBXFrameworksBuildPhase section */
		D899E0301285206F00F55CA4 /* Frameworks */ = {
			isa = PBXFrameworksBuildPhase;
			buildActionMask = 2147483647;
			files = (
				D899E0381285206F00F55CA4 /* Automator.framework in Frameworks */,
				D899E03A1285206F00F55CA4 /* Cocoa.framework in Frameworks */,
			);
			runOnlyForDeploymentPostprocessing = 0;
		};
/* End PBXFrameworksBuildPhase section */

/* Begin PBXGroup section */
		D899E0231285206F00F55CA4 = {
			isa = PBXGroup;
			children = (
				D899E02A1285206F00F55CA4 /* Classes */,
				D899E02B1285206F00F55CA4 /* Other Sources */,
				D899E02C1285206F00F55CA4 /* Resources */,
				D899E02D1285206F00F55CA4 /* Frameworks */,
				D899E0361285206F00F55CA4 /* Products */,
			);
			sourceTree = "<group>";
		};
		D899E02A1285206F00F55CA4 /* Classes */ = {
			isa = PBXGroup;
			children = (
				D899E0431285206F00F55CA4 /* Nib_Decompiler.h */,
				D899E0451285206F00F55CA4 /* Nib_Decompiler.m */,
			);
			path = Classes;
			sourceTree = "<group>";
		};
		D899E02B1285206F00F55CA4 /* Other Sources */ = {
			isa = PBXGroup;
			children = (
				D899E03C1285206F00F55CA4 /* Nib_Decompiler_Prefix.pch */,
			);
			name = "Other Sources";
			sourceTree = "<group>";
		};
		D899E02C1285206F00F55CA4 /* Resources */ = {
			isa = PBXGroup;
			children = (
				D899E03B1285206F00F55CA4 /* Nib_Decompiler-Info.plist */,
				D899E03D1285206F00F55CA4 /* InfoPlist.strings */,
				D899E0401285206F00F55CA4 /* main.xib */,
			);
			name = Resources;
			sourceTree = "<group>";
		};
		D899E02D1285206F00F55CA4 /* Frameworks */ = {
			isa = PBXGroup;
			children = (
				D899E0371285206F00F55CA4 /* Automator.framework */,
				D899E0391285206F00F55CA4 /* Cocoa.framework */,
			);
			name = Frameworks;
			sourceTree = "<group>";
		};
		D899E0361285206F00F55CA4 /* Products */ = {
			isa = PBXGroup;
			children = (
				D899E0351285206F00F55CA4 /* Nib Decompiler.bundle */,
			);
			name = Products;
			sourceTree = "<group>";
		};
/* End PBXGroup section */

/* Begin PBXNativeTarget section */
		D899E0341285206F00F55CA4 /* Nib Decompiler */ = {
			isa = PBXNativeTarget;
			buildConfigurationList = D899E0491285206F00F55CA4 /* Build configuration list for PBXNativeTarget "Nib Decompiler" */;
			buildPhases = (
				D899E02E1285206F00F55CA4 /* AppleScript */,
				D899E02F1285206F00F55CA4 /* Sources */,
				D899E0301285206F00F55CA4 /* Frameworks */,
				D899E0311285206F00F55CA4 /* Resources */,
				D899E0321285206F00F55CA4 /* Rez */,
				D899E0331285206F00F55CA4 /* ShellScript */,
			);
			buildRules = (
			);
			dependencies = (
			);
			name = "Nib Decompiler";
			productName = "Nib Decompiler";
			productReference = D899E0351285206F00F55CA4 /* Nib Decompiler.bundle */;
			productType = "com.apple.product-type.bundle";
		};
/* End PBXNativeTarget section */

/* Begin PBXProject section */
		D899E0251285206F00F55CA4 /* Project object */ = {
			isa = PBXProject;
			attributes = {
				ORGANIZATIONNAME = "Yukka-S";
			};
			buildConfigurationList = D899E0281285206F00F55CA4 /* Build configuration list for PBXProject "Nib Decompiler" */;
			compatibilityVersion = "Xcode 3.2";
			developmentRegion = English;
			hasScannedForEncodings = 0;
			knownRegions = (
				en,
			);
			mainGroup = D899E0231285206F00F55CA4;
			productRefGroup = D899E0361285206F00F55CA4 /* Products */;
			projectDirPath = "";
			projectRoot = "";
			targets = (
				D899E0341285206F00F55CA4 /* Nib Decompiler */,
			);
		};
/* End PBXProject section */

/* Begin PBXResourcesBuildPhase section */
		D899E0311285206F00F55CA4 /* Resources */ = {
			isa = PBXResourcesBuildPhase;
			buildActionMask = 2147483647;
			files = (
				D899E03F1285206F00F55CA4 /* InfoPlist.strings in Resources */,
				D899E0421285206F00F55CA4 /* main.xib in Resources */,
				D899E0441285206F00F55CA4 /* Nib_Decompiler.h in Resources */,
			);
			runOnlyForDeploymentPostprocessing = 0;
		};
/* End PBXResourcesBuildPhase section */

/* Begin PBXRezBuildPhase section */
		D899E0321285206F00F55CA4 /* Rez */ = {
			isa = PBXRezBuildPhase;
			buildActionMask = 2147483647;
			files = (
			);
			runOnlyForDeploymentPostprocessing = 0;
		};
/* End PBXRezBuildPhase section */

/* Begin PBXShellScriptBuildPhase section */
		D899E0331285206F00F55CA4 /* ShellScript */ = {
			isa = PBXShellScriptBuildPhase;
			buildActionMask = 2147483647;
			files = (
			);
			inputPaths = (
			);
			outputPaths = (
			);
			runOnlyForDeploymentPostprocessing = 0;
			shellPath = /bin/sh;
			shellScript = "/usr/bin/amlint \"${BUILT_PRODUCTS_DIR}/${FULL_PRODUCT_NAME}\"";
		};
/* End PBXShellScriptBuildPhase section */

/* Begin PBXSourcesBuildPhase section */
		D899E02F1285206F00F55CA4 /* Sources */ = {
			isa = PBXSourcesBuildPhase;
			buildActionMask = 2147483647;
			files = (
				D899E0461285206F00F55CA4 /* Nib_Decompiler.m in Sources */,
			);
			runOnlyForDeploymentPostprocessing = 0;
		};
/* End PBXSourcesBuildPhase section */

/* Begin PBXVariantGroup section */
		D899E03D1285206F00F55CA4 /* InfoPlist.strings */ = {
			isa = PBXVariantGroup;
			children = (
				D899E03E1285206F00F55CA4 /* en */,
			);
			name = InfoPlist.strings;
			sourceTree = "<group>";
		};
		D899E0401285206F00F55CA4 /* main.xib */ = {
			isa = PBXVariantGroup;
			children = (
				D899E0411285206F00F55CA4 /* en */,
			);
			name = main.xib;
			sourceTree = "<group>";
		};
/* End PBXVariantGroup section */

/* Begin XCBuildConfiguration section */
		D899E0471285206F00F55CA4 /* Debug */ = {
			isa = XCBuildConfiguration;
			buildSettings = {
				ARCHS = "$(ARCHS_STANDARD_32_64_BIT)";
				GCC_C_LANGUAGE_STANDARD = gnu99;
				GCC_ENABLE_OBJC_GC = supported;
				GCC_OPTIMIZATION_LEVEL = 0;
				GCC_PREPROCESSOR_DEFINITIONS = DEBUG;
				GCC_VERSION = com.apple.compilers.llvm.clang.1_0;
				GCC_WARN_ABOUT_RETURN_TYPE = YES;
				GCC_WARN_UNUSED_VARIABLE = YES;
				MACOSX_DEPLOYMENT_TARGET = 10.6;
				ONLY_ACTIVE_ARCH = YES;
				PREBINDING = NO;
				SDKROOT = macosx;
			};
			name = Debug;
		};
		D899E0481285206F00F55CA4 /* Release */ = {
			isa = XCBuildConfiguration;
			buildSettings = {
				ARCHS = "$(ARCHS_STANDARD_32_64_BIT)";
				GCC_C_LANGUAGE_STANDARD = gnu99;
				GCC_ENABLE_OBJC_GC = supported;
				GCC_VERSION = com.apple.compilers.llvm.clang.1_0;
				GCC_WARN_ABOUT_RETURN_TYPE = YES;
				GCC_WARN_UNUSED_VARIABLE = YES;
				MACOSX_DEPLOYMENT_TARGET = 10.6;
				PREBINDING = NO;
				SDKROOT = macosx;
			};
			name = Release;
		};
		D899E04A1285206F00F55CA4 /* Debug */ = {
			isa = XCBuildConfiguration;
			buildSettings = {
				ALWAYS_SEARCH_USER_PATHS = NO;
				COPY_PHASE_STRIP = NO;
				GCC_DYNAMIC_NO_PIC = NO;
				GCC_ENABLE_OBJC_EXCEPTIONS = YES;
				GCC_MODEL_TUNING = G5;
				GCC_PRECOMPILE_PREFIX_HEADER = YES;
				GCC_PREFIX_HEADER = Nib_Decompiler_Prefix.pch;
				INFOPLIST_FILE = "Nib_Decompiler-Info.plist";
				INSTALL_PATH = "$(HOME)/Library/Automator";
				OTHER_OSAFLAGS = "-x -t 0 -c 0";
				PRODUCT_NAME = "$(TARGET_NAME)";
				WRAPPER_EXTENSION = action;
			};
			name = Debug;
		};
		D899E04B1285206F00F55CA4 /* Release */ = {
			isa = XCBuildConfiguration;
			buildSettings = {
				ALWAYS_SEARCH_USER_PATHS = NO;
				COPY_PHASE_STRIP = YES;
				DEBUG_INFORMATION_FORMAT = "dwarf-with-dsym";
				GCC_ENABLE_OBJC_EXCEPTIONS = YES;
				GCC_MODEL_TUNING = G5;
				GCC_PRECOMPILE_PREFIX_HEADER = YES;
				GCC_PREFIX_HEADER = Nib_Decompiler_Prefix.pch;
				INFOPLIST_FILE = "Nib_Decompiler-Info.plist";
				INSTALL_PATH = "$(HOME)/Library/Automator";
				OTHER_OSAFLAGS = "-x -t 0 -c 0";
				PRODUCT_NAME = "$(TARGET_NAME)";
				WRAPPER_EXTENSION = action;
			};
			name = Release;
		};
/* End XCBuildConfiguration section */

/* Begin XCConfigurationList section */
		D899E0281285206F00F55CA4 /* Build configuration list for PBXProject "Nib Decompiler" */ = {
			isa = XCConfigurationList;
			buildConfigurations = (
				D899E0471285206F00F55CA4 /* Debug */,
				D899E0481285206F00F55CA4 /* Release */,
			);
			defaultConfigurationIsVisible = 0;
			defaultConfigurationName = Release;
		};
		D899E0491285206F00F55CA4 /* Build configuration list for PBXNativeTarget "Nib Decompiler" */ = {
			isa = XCConfigurationList;
			buildConfigurations = (
				D899E04A1285206F00F55CA4 /* Debug */,
				D899E04B1285206F00F55CA4 /* Release */,
			);
			defaultConfigurationIsVisible = 0;
			defaultConfigurationName = Release;
		};
/* End XCConfigurationList section */
	};
	rootObject = D899E0251285206F00F55CA4 /* Project object */;
}
